lockfileVersion: '6.0'

settings:
  autoInstallPeers: true
  excludeLinksFromLockfile: false

dependencies:
  '@ruiapp/move-style':
    specifier: ^0.0.19
    version: 0.0.19(lodash@4.17.21)
  '@ruiapp/react-renderer':
    specifier: ^0.0.19
    version: 0.0.19(@ruiapp/move-style@0.0.19)(react-dom@18.2.0)(react@18.2.0)
  axios:
    specifier: ^1.1.2
    version: 1.6.0
  pluralize:
    specifier: ^8.0.0
    version: 8.0.0

devDependencies:
  '@ant-design/icons':
    specifier: ^4.7.0
    version: 4.8.1(react-dom@18.2.0)(react@18.2.0)
  '@types/lodash':
    specifier: ^4.14.186
    version: 4.14.200
  '@types/react':
    specifier: ^18.0.15
    version: 18.2.34
  '@types/react-dom':
    specifier: ^18.0.6
    version: 18.2.14
  antd:
    specifier: ^4.23.6
    version: 4.24.14(react-dom@18.2.0)(react@18.2.0)
  dayjs:
    specifier: ^1.11.7
    version: 1.11.10
  lodash:
    specifier: ^4.17.21
    version: 4.17.21
  react:
    specifier: ^18.2.0
    version: 18.2.0
  react-dom:
    specifier: ^18.2.0
    version: 18.2.0(react@18.2.0)
  rimraf:
    specifier: ^3.0.2
    version: 3.0.2
  rollup:
    specifier: ^2.79.1
    version: 2.79.1
  rollup-plugin-tsconfig-paths:
    specifier: ^1.5.2
    version: 1.5.2(rollup@2.79.1)(typescript@4.9.5)
  rollup-plugin-typescript2:
    specifier: ^0.34.1
    version: 0.34.1(rollup@2.79.1)(typescript@4.9.5)
  typescript:
    specifier: ^4.8.4
    version: 4.9.5

packages:

  /@ant-design/colors@6.0.0:
    resolution: {integrity: sha512-qAZRvPzfdWHtfameEGP2Qvuf838NhergR35o+EuVyB5XvSA98xod5r4utvi4TJ3ywmevm290g9nsCG5MryrdWQ==}
    dependencies:
      '@ctrl/tinycolor': 3.6.1
    dev: true

  /@ant-design/icons-svg@4.3.1:
    resolution: {integrity: sha512-4QBZg8ccyC6LPIRii7A0bZUk3+lEDCLnhB+FVsflGdcWPPmV+j3fire4AwwoqHV/BibgvBmR9ZIo4s867smv+g==}
    dev: true

  /@ant-design/icons@4.8.1(react-dom@18.2.0)(react@18.2.0):
    resolution: {integrity: sha512-JRAuiqllnMsiZIO8OvBOeFconprC3cnMpJ9MvXrHh+H5co9rlg8/aSHQfLf5jKKe18lUgRaIwC2pz8YxH9VuCA==}
    engines: {node: '>=8'}
    peerDependencies:
      react: '>=16.0.0'
      react-dom: '>=16.0.0'
    dependencies:
      '@ant-design/colors': 6.0.0
      '@ant-design/icons-svg': 4.3.1
      '@babel/runtime': 7.23.2
      classnames: 2.3.2
      lodash: 4.17.21
      rc-util: 5.38.0(react-dom@18.2.0)(react@18.2.0)
      react: 18.2.0
      react-dom: 18.2.0(react@18.2.0)
    dev: true

  /@ant-design/react-slick@1.0.2(react@18.2.0):
    resolution: {integrity: sha512-Wj8onxL/T8KQLFFiCA4t8eIRGpRR+UPgOdac2sYzonv+i0n3kXHmvHLLiOYL655DQx2Umii9Y9nNgL7ssu5haQ==}
    peerDependencies:
      react: '>=16.9.0'
    dependencies:
      '@babel/runtime': 7.23.2
      classnames: 2.3.2
      json2mq: 0.2.0
      react: 18.2.0
      resize-observer-polyfill: 1.5.1
      throttle-debounce: 5.0.0
    dev: true

  /@babel/runtime@7.23.2:
    resolution: {integrity: sha512-mM8eg4yl5D6i3lu2QKPuPH4FArvJ8KhTofbE7jwMUv9KX5mBvwPAqnV3MlyBNqdp9RyRKP6Yck8TrfYrPvX3bg==}
    engines: {node: '>=6.9.0'}
    dependencies:
      regenerator-runtime: 0.14.0
    dev: true

  /@ctrl/tinycolor@3.6.1:
    resolution: {integrity: sha512-SITSV6aIXsuVNV3f3O0f2n/cgyEDWoSqtZMYiAmcsYHydcKrOz3gUxB/iXd/Qf08+IZX4KpgNbvUdMBmWz+kcA==}
    engines: {node: '>=10'}
    dev: true

  /@rc-component/portal@1.1.2(react-dom@18.2.0)(react@18.2.0):
    resolution: {integrity: sha512-6f813C0IsasTZms08kfA8kPAGxbbkYToa8ALaiDIGGECU4i9hj8Plgbx0sNJDrey3EtHO30hmdaxtT0138xZcg==}
    engines: {node: '>=8.x'}
    peerDependencies:
      react: '>=16.9.0'
      react-dom: '>=16.9.0'
    dependencies:
      '@babel/runtime': 7.23.2
      classnames: 2.3.2
      rc-util: 5.38.0(react-dom@18.2.0)(react@18.2.0)
      react: 18.2.0
      react-dom: 18.2.0(react@18.2.0)
    dev: true

  /@rollup/pluginutils@4.2.1:
    resolution: {integrity: sha512-iKnFXr7NkdZAIHiIWE+BX5ULi/ucVFYWD6TbAV+rZctiRTY2PL6tsIKhoIOaoskiWAkgu+VsbXgUVDNLHf+InQ==}
    engines: {node: '>= 8.0.0'}
    dependencies:
      estree-walker: 2.0.2
      picomatch: 2.3.1
    dev: true

  /@ruiapp/move-style@0.0.19(lodash@4.17.21):
    resolution: {integrity: sha512-02BINjER/IVCRwWEyHycU5Eeci5h6PeFcxMoVpxSR+8pwRif78eK9fO1sWT4OascP1Nm2YonhQAu41jRC1fgzg==}
    peerDependencies:
      lodash: ^4.17.21
    dependencies:
      axios: 1.6.0
      events: 3.3.0
      lodash: 4.17.21
      qs: 6.11.2
    transitivePeerDependencies:
      - debug
    dev: false

  /@ruiapp/react-renderer@0.0.19(@ruiapp/move-style@0.0.19)(react-dom@18.2.0)(react@18.2.0):
    resolution: {integrity: sha512-pIlNasnx+oG4jyX8R9Z9v15uvNZw0RvlGNFKcACGtRelEkmCkQa+IirqsPFUVZ5LvvrxrUdkErmam/SdZQ+fCQ==}
    peerDependencies:
      '@ruiapp/move-style': ^0.0.19
      react: ^18.2.0
      react-dom: ^18.2.0
    dependencies:
      '@ruiapp/move-style': 0.0.19(lodash@4.17.21)
      react: 18.2.0
      react-dom: 18.2.0(react@18.2.0)
    dev: false

  /@types/lodash@4.14.200:
    resolution: {integrity: sha512-YI/M/4HRImtNf3pJgbF+W6FrXovqj+T+/HpENLTooK9PnkacBsDpeP3IpHab40CClUfhNmdM2WTNP2sa2dni5Q==}
    dev: true

  /@types/prop-types@15.7.9:
    resolution: {integrity: sha512-n1yyPsugYNSmHgxDFjicaI2+gCNjsBck8UX9kuofAKlc0h1bL+20oSF72KeNaW2DUlesbEVCFgyV2dPGTiY42g==}
    dev: true

  /@types/react-dom@18.2.14:
    resolution: {integrity: sha512-V835xgdSVmyQmI1KLV2BEIUgqEuinxp9O4G6g3FqO/SqLac049E53aysv0oEFD2kHfejeKU+ZqL2bcFWj9gLAQ==}
    dependencies:
      '@types/react': 18.2.34
    dev: true

  /@types/react@18.2.34:
    resolution: {integrity: sha512-U6eW/alrRk37FU/MS2RYMjx0Va2JGIVXELTODaTIYgvWGCV4Y4TfTUzG8DdmpDNIT0Xpj/R7GfyHOJJrDttcvg==}
    dependencies:
      '@types/prop-types': 15.7.9
      '@types/scheduler': 0.16.5
      csstype: 3.1.2
    dev: true

  /@types/scheduler@0.16.5:
    resolution: {integrity: sha512-s/FPdYRmZR8SjLWGMCuax7r3qCWQw9QKHzXVukAuuIJkXkDRwp+Pu5LMIVFi0Fxbav35WURicYr8u1QsoybnQw==}
    dev: true

  /antd@4.24.14(react-dom@18.2.0)(react@18.2.0):
    resolution: {integrity: sha512-hY/MPm7XI0G+9MvjhTlbDkA2sf8oHVbhtrT0XRstlm9+fXYGNXz8oEh3d5qiA3/tY5NL2Kh2tF7Guh01hwWJdg==}
    peerDependencies:
      react: '>=16.9.0'
      react-dom: '>=16.9.0'
    dependencies:
      '@ant-design/colors': 6.0.0
      '@ant-design/icons': 4.8.1(react-dom@18.2.0)(react@18.2.0)
      '@ant-design/react-slick': 1.0.2(react@18.2.0)
      '@babel/runtime': 7.23.2
      '@ctrl/tinycolor': 3.6.1
      classnames: 2.3.2
      copy-to-clipboard: 3.3.3
      lodash: 4.17.21
      moment: 2.29.4
      rc-cascader: 3.7.3(react-dom@18.2.0)(react@18.2.0)
      rc-checkbox: 3.0.1(react-dom@18.2.0)(react@18.2.0)
      rc-collapse: 3.4.2(react-dom@18.2.0)(react@18.2.0)
      rc-dialog: 9.0.2(react-dom@18.2.0)(react@18.2.0)
      rc-drawer: 6.3.0(react-dom@18.2.0)(react@18.2.0)
      rc-dropdown: 4.0.1(react-dom@18.2.0)(react@18.2.0)
      rc-field-form: 1.34.2(react-dom@18.2.0)(react@18.2.0)
      rc-image: 5.13.0(react-dom@18.2.0)(react@18.2.0)
      rc-input: 0.1.4(react-dom@18.2.0)(react@18.2.0)
      rc-input-number: 7.3.11(react-dom@18.2.0)(react@18.2.0)
      rc-mentions: 1.13.1(react-dom@18.2.0)(react@18.2.0)
      rc-menu: 9.8.4(react-dom@18.2.0)(react@18.2.0)
      rc-motion: 2.9.0(react-dom@18.2.0)(react@18.2.0)
      rc-notification: 4.6.1(react-dom@18.2.0)(react@18.2.0)
      rc-pagination: 3.2.0(react-dom@18.2.0)(react@18.2.0)
      rc-picker: 2.7.6(react-dom@18.2.0)(react@18.2.0)
      rc-progress: 3.4.2(react-dom@18.2.0)(react@18.2.0)
      rc-rate: 2.9.3(react-dom@18.2.0)(react@18.2.0)
      rc-resize-observer: 1.4.0(react-dom@18.2.0)(react@18.2.0)
      rc-segmented: 2.1.2(react-dom@18.2.0)(react@18.2.0)
      rc-select: 14.1.18(react-dom@18.2.0)(react@18.2.0)
      rc-slider: 10.0.1(react-dom@18.2.0)(react@18.2.0)
      rc-steps: 5.0.0(react-dom@18.2.0)(react@18.2.0)
      rc-switch: 3.2.2(react-dom@18.2.0)(react@18.2.0)
      rc-table: 7.26.0(react-dom@18.2.0)(react@18.2.0)
      rc-tabs: 12.5.10(react-dom@18.2.0)(react@18.2.0)
      rc-textarea: 0.4.7(react-dom@18.2.0)(react@18.2.0)
      rc-tooltip: 5.2.2(react-dom@18.2.0)(react@18.2.0)
      rc-tree: 5.7.12(react-dom@18.2.0)(react@18.2.0)
      rc-tree-select: 5.5.5(react-dom@18.2.0)(react@18.2.0)
      rc-trigger: 5.3.4(react-dom@18.2.0)(react@18.2.0)
      rc-upload: 4.3.5(react-dom@18.2.0)(react@18.2.0)
      rc-util: 5.38.0(react-dom@18.2.0)(react@18.2.0)
      react: 18.2.0
      react-dom: 18.2.0(react@18.2.0)
      scroll-into-view-if-needed: 2.2.31
    dev: true

  /array-tree-filter@2.1.0:
    resolution: {integrity: sha512-4ROwICNlNw/Hqa9v+rk5h22KjmzB1JGTMVKP2AKJBOCgb0yL0ASf0+YvCcLNNwquOHNX48jkeZIJ3a+oOQqKcw==}
    dev: true

  /async-validator@4.2.5:
    resolution: {integrity: sha512-7HhHjtERjqlNbZtqNqy2rckN/SpOOlmDliet+lP7k+eKZEjPk3DgyeU9lIXLdeLz0uBbbVp+9Qdow9wJWgwwfg==}
    dev: true

  /asynckit@0.4.0:
    resolution: {integrity: sha512-Oei9OH4tRh0YqU3GxhX79dM/mwVgvbZJaSNaRk+bshkj0S5cfHcgYakreBjrHwatXKbz+IoIdYLxrKim2MjW0Q==}
    dev: false

  /axios@1.6.0:
    resolution: {integrity: sha512-EZ1DYihju9pwVB+jg67ogm+Tmqc6JmhamRN6I4Zt8DfZu5lbcQGw3ozH9lFejSJgs/ibaef3A9PMXPLeefFGJg==}
    dependencies:
      follow-redirects: 1.15.3
      form-data: 4.0.0
      proxy-from-env: 1.1.0
    transitivePeerDependencies:
      - debug
    dev: false

  /balanced-match@1.0.2:
    resolution: {integrity: sha512-3oSeUO0TMV67hN1AmbXsK4yaqU7tjiHlbxRDZOpH0KW9+CeX4bRAaX0Anxt0tx2MrpRpWwQaPwIlISEJhYU5Pw==}
    dev: true

  /brace-expansion@1.1.11:
    resolution: {integrity: sha512-iCuPHDFgrHX7H2vEI/5xpz07zSHB00TpugqhmYtVmMO6518mCuRMoOYFldEBl0g187ufozdaHgWKcYFb61qGiA==}
    dependencies:
      balanced-match: 1.0.2
      concat-map: 0.0.1
    dev: true

  /call-bind@1.0.5:
    resolution: {integrity: sha512-C3nQxfFZxFRVoJoGKKI8y3MOEo129NQ+FgQ08iye+Mk4zNZZGdjfs06bVTr+DBSlA66Q2VEcMki/cUCP4SercQ==}
    dependencies:
      function-bind: 1.1.2
      get-intrinsic: 1.2.2
      set-function-length: 1.1.1
    dev: false

  /classnames@2.3.2:
    resolution: {integrity: sha512-CSbhY4cFEJRe6/GQzIk5qXZ4Jeg5pcsP7b5peFSDpffpe1cqjASH/n9UTjBwOp6XpMSTwQ8Za2K5V02ueA7Tmw==}
    dev: true

  /combined-stream@1.0.8:
    resolution: {integrity: sha512-FQN4MRfuJeHf7cBbBMJFXhKSDq+2kAArBlmRBvcvFE5BB1HZKXtSFASDhdlz9zOYwxh8lDdnvmMOe/+5cdoEdg==}
    engines: {node: '>= 0.8'}
    dependencies:
      delayed-stream: 1.0.0
    dev: false

  /commondir@1.0.1:
    resolution: {integrity: sha512-W9pAhw0ja1Edb5GVdIF1mjZw/ASI0AlShXM83UUGe2DVr5TdAPEA1OA8m/g8zWp9x6On7gqufY+FatDbC3MDQg==}
    dev: true

  /compute-scroll-into-view@1.0.20:
    resolution: {integrity: sha512-UCB0ioiyj8CRjtrvaceBLqqhZCVP+1B8+NWQhmdsm0VXOJtobBCf1dBQmebCCo34qZmUwZfIH2MZLqNHazrfjg==}
    dev: true

  /concat-map@0.0.1:
    resolution: {integrity: sha512-/Srv4dswyQNBfohGpz9o6Yb3Gz3SrUDqBH5rTuhGR7ahtlbYKnVxw2bCFMRljaA7EXHaXZ8wsHdodFvbkhKmqg==}
    dev: true

  /copy-to-clipboard@3.3.3:
    resolution: {integrity: sha512-2KV8NhB5JqC3ky0r9PMCAZKbUHSwtEo4CwCs0KXgruG43gX5PMqDEBbVU4OUzw2MuAWUfsuFmWvEKG5QRfSnJA==}
    dependencies:
      toggle-selection: 1.0.6
    dev: true

  /csstype@3.1.2:
    resolution: {integrity: sha512-I7K1Uu0MBPzaFKg4nI5Q7Vs2t+3gWWW648spaF+Rg7pI9ds18Ugn+lvg4SHczUdKlHI5LWBXyqfS8+DufyBsgQ==}
    dev: true

  /date-fns@2.30.0:
    resolution: {integrity: sha512-fnULvOpxnC5/Vg3NCiWelDsLiUc9bRwAPs/+LfTLNvetFCtCTN+yQz15C/fs4AwX1R9K5GLtLfn8QW+dWisaAw==}
    engines: {node: '>=0.11'}
    dependencies:
      '@babel/runtime': 7.23.2
    dev: true

  /dayjs@1.11.10:
    resolution: {integrity: sha512-vjAczensTgRcqDERK0SR2XMwsF/tSvnvlv6VcF2GIhg6Sx4yOIt/irsr1RDJsKiIyBzJDpCoXiWWq28MqH2cnQ==}
    dev: true

  /define-data-property@1.1.1:
    resolution: {integrity: sha512-E7uGkTzkk1d0ByLeSc6ZsFS79Axg+m1P/VsgYsxHgiuc3tFSj+MjMIwe90FC4lOAZzNBdY7kkO2P2wKdsQ1vgQ==}
    engines: {node: '>= 0.4'}
    dependencies:
      get-intrinsic: 1.2.2
      gopd: 1.0.1
      has-property-descriptors: 1.0.1
    dev: false

  /delayed-stream@1.0.0:
    resolution: {integrity: sha512-ZySD7Nf91aLB0RxL4KGrKHBXl7Eds1DAmEdcoVawXnLD7SDhpNgtuII2aAkg7a7QS41jxPSZ17p4VdGnMHk3MQ==}
    engines: {node: '>=0.4.0'}
    dev: false

  /dom-align@1.12.4:
    resolution: {integrity: sha512-R8LUSEay/68zE5c8/3BDxiTEvgb4xZTF0RKmAHfiEVN3klfIpXfi2/QCoiWPccVQ0J/ZGdz9OjzL4uJEP/MRAw==}
    dev: true

  /estree-walker@2.0.2:
    resolution: {integrity: sha512-Rfkk/Mp/DL7JVje3u18FxFujQlTNR2q6QfMSMB7AvCBx91NGj/ba3kCfza0f6dVDbw7YlRf/nDrn7pQrCCyQ/w==}
    dev: true

  /events@3.3.0:
    resolution: {integrity: sha512-mQw+2fkQbALzQ7V0MY0IqdnXNOeTtP4r0lN9z7AAawCXgqea7bDii20AYrIBrFd/Hx0M2Ocz6S111CaFkUcb0Q==}
    engines: {node: '>=0.8.x'}
    dev: false

  /find-cache-dir@3.3.2:
    resolution: {integrity: sha512-wXZV5emFEjrridIgED11OoUKLxiYjAcqot/NJdAkOhlJ+vGzwhOAfcG5OX1jP+S0PcjEn8bdMJv+g2jwQ3Onig==}
    engines: {node: '>=8'}
    dependencies:
      commondir: 1.0.1
      make-dir: 3.1.0
      pkg-dir: 4.2.0
    dev: true

  /find-up@4.1.0:
    resolution: {integrity: sha512-PpOwAdQ/YlXQ2vj8a3h8IipDuYRi3wceVQQGYWxNINccq40Anw7BlsEXCMbt1Zt+OLA6Fq9suIpIWD0OsnISlw==}
    engines: {node: '>=8'}
    dependencies:
      locate-path: 5.0.0
      path-exists: 4.0.0
    dev: true

  /follow-redirects@1.15.3:
    resolution: {integrity: sha512-1VzOtuEM8pC9SFU1E+8KfTjZyMztRsgEfwQl44z8A25uy13jSzTj6dyK2Df52iV0vgHCfBwLhDWevLn95w5v6Q==}
    engines: {node: '>=4.0'}
    peerDependencies:
      debug: '*'
    peerDependenciesMeta:
      debug:
        optional: true
    dev: false

  /form-data@4.0.0:
    resolution: {integrity: sha512-ETEklSGi5t0QMZuiXoA/Q6vcnxcLQP5vdugSpuAyi6SVGi2clPPp+xgEhuMaHC+zGgn31Kd235W35f7Hykkaww==}
    engines: {node: '>= 6'}
    dependencies:
      asynckit: 0.4.0
      combined-stream: 1.0.8
      mime-types: 2.1.35
    dev: false

  /fs-extra@10.1.0:
    resolution: {integrity: sha512-oRXApq54ETRj4eMiFzGnHWGy+zo5raudjuxN0b8H7s/RU2oW0Wvsx9O0ACRN/kRq9E8Vu/ReskGB5o3ji+FzHQ==}
    engines: {node: '>=12'}
    dependencies:
      graceful-fs: 4.2.11
      jsonfile: 6.1.0
      universalify: 2.0.1
    dev: true

  /fs.realpath@1.0.0:
    resolution: {integrity: sha512-OO0pH2lK6a0hZnAdau5ItzHPI6pUlvI7jMVnxUQRtw4owF2wk8lOSabtGDCTP4Ggrg2MbGnWO9X8K1t4+fGMDw==}
    dev: true

  /fsevents@2.3.3:
    resolution: {integrity: sha512-5xoDfX+fL7faATnagmWPpbFtwh/R77WmMMqqHGS65C3vvB0YHrgF+B1YmZ3441tMj5n63k0212XNoJwzlhffQw==}
    engines: {node: ^8.16.0 || ^10.6.0 || >=11.0.0}
    os: [darwin]
    requiresBuild: true
    dev: true
    optional: true

  /function-bind@1.1.2:
    resolution: {integrity: sha512-7XHNxH7qX9xG5mIwxkhumTox/MIRNcOgDrxWsMt2pAr23WHp6MrRlN7FBSFpCpr+oVO0F744iUgR82nJMfG2SA==}
    dev: false

  /get-intrinsic@1.2.2:
    resolution: {integrity: sha512-0gSo4ml/0j98Y3lngkFEot/zhiCeWsbYIlZ+uZOVgzLyLaUw7wxUL+nCTP0XJvJg1AXulJRI3UJi8GsbDuxdGA==}
    dependencies:
      function-bind: 1.1.2
      has-proto: 1.0.1
      has-symbols: 1.0.3
      hasown: 2.0.0
    dev: false

  /glob@7.2.3:
    resolution: {integrity: sha512-nFR0zLpU2YCaRxwoCJvL6UvCH2JFyFVIvwTLsIf21AuHlMskA1hhTdk+LlYJtOlYt9v6dvszD2BGRqBL+iQK9Q==}
    dependencies:
      fs.realpath: 1.0.0
      inflight: 1.0.6
      inherits: 2.0.4
      minimatch: 3.1.2
      once: 1.4.0
      path-is-absolute: 1.0.1
    dev: true

  /gopd@1.0.1:
    resolution: {integrity: sha512-d65bNlIadxvpb/A2abVdlqKqV563juRnZ1Wtk6s1sIR8uNsXR70xqIzVqxVf1eTqDunwT2MkczEeaezCKTZhwA==}
    dependencies:
      get-intrinsic: 1.2.2
    dev: false

  /graceful-fs@4.2.11:
    resolution: {integrity: sha512-RbJ5/jmFcNNCcDV5o9eTnBLJ/HszWV0P73bc+Ff4nS/rJj+YaS6IGyiOL0VoBYX+l1Wrl3k63h/KrH+nhJ0XvQ==}
    dev: true

  /has-property-descriptors@1.0.1:
    resolution: {integrity: sha512-VsX8eaIewvas0xnvinAe9bw4WfIeODpGYikiWYLH+dma0Jw6KHYqWiWfhQlgOVK8D6PvjubK5Uc4P0iIhIcNVg==}
    dependencies:
      get-intrinsic: 1.2.2
    dev: false

  /has-proto@1.0.1:
    resolution: {integrity: sha512-7qE+iP+O+bgF9clE5+UoBFzE65mlBiVj3tKCrlNQ0Ogwm0BjpT/gK4SlLYDMybDh5I3TCTKnPPa0oMG7JDYrhg==}
    engines: {node: '>= 0.4'}
    dev: false

  /has-symbols@1.0.3:
    resolution: {integrity: sha512-l3LCuF6MgDNwTDKkdYGEihYjt5pRPbEg46rtlmnSPlUbgmB8LOIrKJbYYFBSbnPaJexMKtiPO8hmeRjRz2Td+A==}
    engines: {node: '>= 0.4'}
    dev: false

  /hasown@2.0.0:
    resolution: {integrity: sha512-vUptKVTpIJhcczKBbgnS+RtcuYMB8+oNzPK2/Hp3hanz8JmpATdmmgLgSaadVREkDm+e2giHwY3ZRkyjSIDDFA==}
    engines: {node: '>= 0.4'}
    dependencies:
      function-bind: 1.1.2
    dev: false

  /inflight@1.0.6:
    resolution: {integrity: sha512-k92I/b08q4wvFscXCLvqfsHCrjrF7yiXsQuIVvVE7N82W3+aqpzuUdBbfhWcy/FZR3/4IgflMgKLOsvPDrGCJA==}
    dependencies:
      once: 1.4.0
      wrappy: 1.0.2
    dev: true

  /inherits@2.0.4:
    resolution: {integrity: sha512-k/vGaX4/Yla3WzyMCvTQOXYeIHvqOKtnqBduzTHpzpQZzAskKMhZ2K+EnBiSM9zGSoIFeMpXKxa4dYeZIQqewQ==}
    dev: true

  /js-tokens@4.0.0:
    resolution: {integrity: sha512-RdJUflcE3cUzKiMqQgsCu06FPu9UdIJO0beYbPhHN4k6apgJtifcoCtT9bcxOpYBtpD2kCM6Sbzg4CausW/PKQ==}

  /json2mq@0.2.0:
    resolution: {integrity: sha512-SzoRg7ux5DWTII9J2qkrZrqV1gt+rTaoufMxEzXbS26Uid0NwaJd123HcoB80TgubEppxxIGdNxCx50fEoEWQA==}
    dependencies:
      string-convert: 0.2.1
    dev: true

  /jsonfile@6.1.0:
    resolution: {integrity: sha512-5dgndWOriYSm5cnYaJNhalLNDKOqFwyDB/rr1E9ZsGciGvKPs8R2xYGCacuf3z6K1YKDz182fd+fY3cn3pMqXQ==}
    dependencies:
      universalify: 2.0.1
    optionalDependencies:
      graceful-fs: 4.2.11
    dev: true

  /locate-path@5.0.0:
    resolution: {integrity: sha512-t7hw9pI+WvuwNJXwk5zVHpyhIqzg2qTlklJOf0mVxGSbe3Fp2VieZcduNYjaLDoy6p9uGpQEGWG87WpMKlNq8g==}
    engines: {node: '>=8'}
    dependencies:
      p-locate: 4.1.0
    dev: true

  /lodash@4.17.21:
    resolution: {integrity: sha512-v2kDEe57lecTulaDIuNTPy3Ry4gLGJ6Z1O3vE1krgXZNrsQ+LFTGHVxVjcXPs17LhbZVGedAJv8XZ1tvj5FvSg==}

  /loose-envify@1.4.0:
    resolution: {integrity: sha512-lyuxPGr/Wfhrlem2CL/UcnUc1zcqKAImBDzukY7Y5F/yQiNdko6+fRLevlw1HgMySw7f611UIY408EtxRSoK3Q==}
    hasBin: true
    dependencies:
      js-tokens: 4.0.0

  /lru-cache@6.0.0:
    resolution: {integrity: sha512-Jo6dJ04CmSjuznwJSS3pUeWmd/H0ffTlkXXgwZi+eq1UCmqQwCh+eLsYOYCwY991i2Fah4h1BEMCx4qThGbsiA==}
    engines: {node: '>=10'}
    dependencies:
      yallist: 4.0.0
    dev: true

  /make-dir@3.1.0:
    resolution: {integrity: sha512-g3FeP20LNwhALb/6Cz6Dd4F2ngze0jz7tbzrD2wAV+o9FeNHe4rL+yK2md0J/fiSf1sa1ADhXqi5+oVwOM/eGw==}
    engines: {node: '>=8'}
    dependencies:
      semver: 6.3.1
    dev: true

  /mime-db@1.52.0:
    resolution: {integrity: sha512-sPU4uV7dYlvtWJxwwxHD0PuihVNiE7TyAbQ5SWxDCB9mUYvOgroQOwYQQOKPJ8CIbE+1ETVlOoK1UC2nU3gYvg==}
    engines: {node: '>= 0.6'}
    dev: false

  /mime-types@2.1.35:
    resolution: {integrity: sha512-ZDY+bPm5zTTF+YpCrAU9nK0UgICYPT0QtT1NZWFv4s++TNkcgVaT0g6+4R2uI4MjQjzysHB1zxuWL50hzaeXiw==}
    engines: {node: '>= 0.6'}
    dependencies:
      mime-db: 1.52.0
    dev: false

  /minimatch@3.1.2:
    resolution: {integrity: sha512-J7p63hRiAjw1NDEww1W7i37+ByIrOWO5XQQAzZ3VOcL0PNybwpfmV/N05zFAzwQ9USyEcX6t3UO+K5aqBQOIHw==}
    dependencies:
      brace-expansion: 1.1.11
    dev: true

  /moment@2.29.4:
    resolution: {integrity: sha512-5LC9SOxjSc2HF6vO2CyuTDNivEdoz2IvyJJGj6X8DJ0eFyfszE0QiEd+iXmBvUP3WHxSjFH/vIsA0EN00cgr8w==}
    dev: true

  /object-inspect@1.13.1:
    resolution: {integrity: sha512-5qoj1RUiKOMsCCNLV1CBiPYE10sziTsnmNxkAI/rZhiD63CF7IqdFGC/XzjWjpSgLf0LxXX3bDFIh0E18f6UhQ==}
    dev: false

  /once@1.4.0:
    resolution: {integrity: sha512-lNaJgI+2Q5URQBkccEKHTQOPaXdUxnZZElQTZY0MFUAuaEqe1E+Nyvgdz/aIyNi6Z9MzO5dv1H8n58/GELp3+w==}
    dependencies:
      wrappy: 1.0.2
    dev: true

  /p-limit@2.3.0:
    resolution: {integrity: sha512-//88mFWSJx8lxCzwdAABTJL2MyWB12+eIY7MDL2SqLmAkeKU9qxRvWuSyTjm3FUmpBEMuFfckAIqEaVGUDxb6w==}
    engines: {node: '>=6'}
    dependencies:
      p-try: 2.2.0
    dev: true

  /p-locate@4.1.0:
    resolution: {integrity: sha512-R79ZZ/0wAxKGu3oYMlz8jy/kbhsNrS7SKZ7PxEHBgJ5+F2mtFW2fK2cOtBh1cHYkQsbzFV7I+EoRKe6Yt0oK7A==}
    engines: {node: '>=8'}
    dependencies:
      p-limit: 2.3.0
    dev: true

  /p-try@2.2.0:
    resolution: {integrity: sha512-R4nPAVTAU0B9D35/Gk3uJf/7XYbQcyohSKdvAxIRSNghFl4e71hVoGnBNQz9cWaXxO2I10KTC+3jMdvvoKw6dQ==}
    engines: {node: '>=6'}
    dev: true

  /path-exists@4.0.0:
    resolution: {integrity: sha512-ak9Qy5Q7jYb2Wwcey5Fpvg2KoAc/ZIhLSLOSBmRmygPsGwkVVt0fZa0qrtMz+m6tJTAHfZQ8FnmB4MG4LWy7/w==}
    engines: {node: '>=8'}
    dev: true

  /path-is-absolute@1.0.1:
    resolution: {integrity: sha512-AVbw3UJ2e9bq64vSaS9Am0fje1Pa8pbGqTTsmXfaIiMpnr5DlDhfJOuLj9Sf95ZPVDAUerDfEk88MPmPe7UCQg==}
    engines: {node: '>=0.10.0'}
    dev: true

  /picomatch@2.3.1:
    resolution: {integrity: sha512-JU3teHTNjmE2VCGFzuY8EXzCDVwEqB2a8fsIvwaStHhAWJEeVd1o1QD80CU6+ZdEXXSLbSsuLwJjkCBWqRQUVA==}
    engines: {node: '>=8.6'}
    dev: true

  /pkg-dir@4.2.0:
    resolution: {integrity: sha512-HRDzbaKjC+AOWVXxAU/x54COGeIv9eb+6CkDSQoNTt4XyWoIJvuPsXizxu/Fr23EiekbtZwmh1IcIG/l/a10GQ==}
    engines: {node: '>=8'}
    dependencies:
      find-up: 4.1.0
    dev: true

  /pluralize@8.0.0:
    resolution: {integrity: sha512-Nc3IT5yHzflTfbjgqWcCPpo7DaKy4FnpB0l/zCAW0Tc7jxAiuqSxHasntB3D7887LSrA93kDJ9IXovxJYxyLCA==}
    engines: {node: '>=4'}
    dev: false

  /proxy-from-env@1.1.0:
    resolution: {integrity: sha512-D+zkORCbA9f1tdWRK0RaCR3GPv50cMxcrz4X8k5LTSUD1Dkw47mKJEZQNunItRTkWwgtaUSo1RVFRIG9ZXiFYg==}
    dev: false

  /qs@6.11.2:
    resolution: {integrity: sha512-tDNIz22aBzCDxLtVH++VnTfzxlfeK5CbqohpSqpJgj1Wg/cQbStNAz3NuqCs5vV+pjBsK4x4pN9HlVh7rcYRiA==}
    engines: {node: '>=0.6'}
    dependencies:
      side-channel: 1.0.4
    dev: false

  /rc-align@4.0.15(react-dom@18.2.0)(react@18.2.0):
    resolution: {integrity: sha512-wqJtVH60pka/nOX7/IspElA8gjPNQKIx/ZqJ6heATCkXpe1Zg4cPVrMD2vC96wjsFFL8WsmhPbx9tdMo1qqlIA==}
    peerDependencies:
      react: '>=16.9.0'
      react-dom: '>=16.9.0'
    dependencies:
      '@babel/runtime': 7.23.2
      classnames: 2.3.2
      dom-align: 1.12.4
      rc-util: 5.38.0(react-dom@18.2.0)(react@18.2.0)
      react: 18.2.0
      react-dom: 18.2.0(react@18.2.0)
      resize-observer-polyfill: 1.5.1
    dev: true

  /rc-cascader@3.7.3(react-dom@18.2.0)(react@18.2.0):
    resolution: {integrity: sha512-KBpT+kzhxDW+hxPiNk4zaKa99+Lie2/8nnI11XF+FIOPl4Bj9VlFZi61GrnWzhLGA7VEN+dTxAkNOjkySDa0dA==}
    peerDependencies:
      react: '>=16.9.0'
      react-dom: '>=16.9.0'
    dependencies:
      '@babel/runtime': 7.23.2
      array-tree-filter: 2.1.0
      classnames: 2.3.2
      rc-select: 14.1.18(react-dom@18.2.0)(react@18.2.0)
      rc-tree: 5.7.12(react-dom@18.2.0)(react@18.2.0)
      rc-util: 5.38.0(react-dom@18.2.0)(react@18.2.0)
      react: 18.2.0
      react-dom: 18.2.0(react@18.2.0)
    dev: true

  /rc-checkbox@3.0.1(react-dom@18.2.0)(react@18.2.0):
    resolution: {integrity: sha512-k7nxDWxYF+jDI0ZcCvuvj71xONmWRVe5+1MKcERRR9MRyP3tZ69b+yUCSXXh+sik4/Hc9P5wHr2nnUoGS2zBjA==}
    peerDependencies:
      react: '>=16.9.0'
      react-dom: '>=16.9.0'
    dependencies:
      '@babel/runtime': 7.23.2
      classnames: 2.3.2
      rc-util: 5.38.0(react-dom@18.2.0)(react@18.2.0)
      react: 18.2.0
      react-dom: 18.2.0(react@18.2.0)
    dev: true

  /rc-collapse@3.4.2(react-dom@18.2.0)(react@18.2.0):
    resolution: {integrity: sha512-jpTwLgJzkhAgp2Wpi3xmbTbbYExg6fkptL67Uu5LCRVEj6wqmy0DHTjjeynsjOLsppHGHu41t1ELntZ0lEvS/Q==}
    peerDependencies:
      react: '>=16.9.0'
      react-dom: '>=16.9.0'
    dependencies:
      '@babel/runtime': 7.23.2
      classnames: 2.3.2
      rc-motion: 2.9.0(react-dom@18.2.0)(react@18.2.0)
      rc-util: 5.38.0(react-dom@18.2.0)(react@18.2.0)
      react: 18.2.0
      react-dom: 18.2.0(react@18.2.0)
      shallowequal: 1.1.0
    dev: true

  /rc-dialog@9.0.2(react-dom@18.2.0)(react@18.2.0):
    resolution: {integrity: sha512-s3U+24xWUuB6Bn2Lk/Qt6rufy+uT+QvWkiFhNBcO9APLxcFFczWamaq7x9h8SCuhfc1nHcW4y8NbMsnAjNnWyg==}
    peerDependencies:
      react: '>=16.9.0'
      react-dom: '>=16.9.0'
    dependencies:
      '@babel/runtime': 7.23.2
      '@rc-component/portal': 1.1.2(react-dom@18.2.0)(react@18.2.0)
      classnames: 2.3.2
      rc-motion: 2.9.0(react-dom@18.2.0)(react@18.2.0)
      rc-util: 5.38.0(react-dom@18.2.0)(react@18.2.0)
      react: 18.2.0
      react-dom: 18.2.0(react@18.2.0)
    dev: true

  /rc-drawer@6.3.0(react-dom@18.2.0)(react@18.2.0):
    resolution: {integrity: sha512-uBZVb3xTAR+dBV53d/bUhTctCw3pwcwJoM7g5aX+7vgwt2zzVzoJ6aqFjYJpBlZ9zp0dVYN8fV+hykFE7c4lig==}
    peerDependencies:
      react: '>=16.9.0'
      react-dom: '>=16.9.0'
    dependencies:
      '@babel/runtime': 7.23.2
      '@rc-component/portal': 1.1.2(react-dom@18.2.0)(react@18.2.0)
      classnames: 2.3.2
      rc-motion: 2.9.0(react-dom@18.2.0)(react@18.2.0)
      rc-util: 5.38.0(react-dom@18.2.0)(react@18.2.0)
      react: 18.2.0
      react-dom: 18.2.0(react@18.2.0)
    dev: true

  /rc-dropdown@4.0.1(react-dom@18.2.0)(react@18.2.0):
    resolution: {integrity: sha512-OdpXuOcme1rm45cR0Jzgfl1otzmU4vuBVb+etXM8vcaULGokAKVpKlw8p6xzspG7jGd/XxShvq+N3VNEfk/l5g==}
    peerDependencies:
      react: '>=16.11.0'
      react-dom: '>=16.11.0'
    dependencies:
      '@babel/runtime': 7.23.2
      classnames: 2.3.2
      rc-trigger: 5.3.4(react-dom@18.2.0)(react@18.2.0)
      rc-util: 5.38.0(react-dom@18.2.0)(react@18.2.0)
      react: 18.2.0
      react-dom: 18.2.0(react@18.2.0)
    dev: true

  /rc-field-form@1.34.2(react-dom@18.2.0)(react@18.2.0):
    resolution: {integrity: sha512-BdciU5C7dBO51/9ZKcMvK2f8zaaO12Lt1eBhlAo8nNv+6htlNcgY9DAkUlZ7gfyWjnCc1Oo4hHIXau1m6tLw1A==}
    engines: {node: '>=8.x'}
    peerDependencies:
      react: '>=16.9.0'
      react-dom: '>=16.9.0'
    dependencies:
      '@babel/runtime': 7.23.2
      async-validator: 4.2.5
      rc-util: 5.38.0(react-dom@18.2.0)(react@18.2.0)
      react: 18.2.0
      react-dom: 18.2.0(react@18.2.0)
    dev: true

  /rc-image@5.13.0(react-dom@18.2.0)(react@18.2.0):
    resolution: {integrity: sha512-iZTOmw5eWo2+gcrJMMcnd7SsxVHl3w5xlyCgsULUdJhJbnuI8i/AL0tVOsE7aLn9VfOh1qgDT3mC2G75/c7mqg==}
    peerDependencies:
      react: '>=16.9.0'
      react-dom: '>=16.9.0'
    dependencies:
      '@babel/runtime': 7.23.2
      '@rc-component/portal': 1.1.2(react-dom@18.2.0)(react@18.2.0)
      classnames: 2.3.2
      rc-dialog: 9.0.2(react-dom@18.2.0)(react@18.2.0)
      rc-motion: 2.9.0(react-dom@18.2.0)(react@18.2.0)
      rc-util: 5.38.0(react-dom@18.2.0)(react@18.2.0)
      react: 18.2.0
      react-dom: 18.2.0(react@18.2.0)
    dev: true

  /rc-input-number@7.3.11(react-dom@18.2.0)(react@18.2.0):
    resolution: {integrity: sha512-aMWPEjFeles6PQnMqP5eWpxzsvHm9rh1jQOWXExUEIxhX62Fyl/ptifLHOn17+waDG1T/YUb6flfJbvwRhHrbA==}
    peerDependencies:
      react: '>=16.9.0'
      react-dom: '>=16.9.0'
    dependencies:
      '@babel/runtime': 7.23.2
      classnames: 2.3.2
      rc-util: 5.38.0(react-dom@18.2.0)(react@18.2.0)
      react: 18.2.0
      react-dom: 18.2.0(react@18.2.0)
    dev: true

  /rc-input@0.1.4(react-dom@18.2.0)(react@18.2.0):
    resolution: {integrity: sha512-FqDdNz+fV2dKNgfXzcSLKvC+jEs1709t7nD+WdfjrdSaOcefpgc7BUJYadc3usaING+b7ediMTfKxuJBsEFbXA==}
    peerDependencies:
      react: '>=16.0.0'
      react-dom: '>=16.0.0'
    dependencies:
      '@babel/runtime': 7.23.2
      classnames: 2.3.2
      rc-util: 5.38.0(react-dom@18.2.0)(react@18.2.0)
      react: 18.2.0
      react-dom: 18.2.0(react@18.2.0)
    dev: true

  /rc-mentions@1.13.1(react-dom@18.2.0)(react@18.2.0):
    resolution: {integrity: sha512-FCkaWw6JQygtOz0+Vxz/M/NWqrWHB9LwqlY2RtcuFqWJNFK9njijOOzTSsBGANliGufVUzx/xuPHmZPBV0+Hgw==}
    peerDependencies:
      react: '>=16.9.0'
      react-dom: '>=16.9.0'
    dependencies:
      '@babel/runtime': 7.23.2
      classnames: 2.3.2
      rc-menu: 9.8.4(react-dom@18.2.0)(react@18.2.0)
      rc-textarea: 0.4.7(react-dom@18.2.0)(react@18.2.0)
      rc-trigger: 5.3.4(react-dom@18.2.0)(react@18.2.0)
      rc-util: 5.38.0(react-dom@18.2.0)(react@18.2.0)
      react: 18.2.0
      react-dom: 18.2.0(react@18.2.0)
    dev: true

  /rc-menu@9.8.4(react-dom@18.2.0)(react@18.2.0):
    resolution: {integrity: sha512-lmw2j8I2fhdIzHmC9ajfImfckt0WDb2KVJJBBRIsxPEw2kGkEfjLMUoB1NgiNT/Q5cC8PdjGOGQjHJIJMwyNMw==}
    peerDependencies:
      react: '>=16.9.0'
      react-dom: '>=16.9.0'
    dependencies:
      '@babel/runtime': 7.23.2
      classnames: 2.3.2
      rc-motion: 2.9.0(react-dom@18.2.0)(react@18.2.0)
      rc-overflow: 1.3.2(react-dom@18.2.0)(react@18.2.0)
      rc-trigger: 5.3.4(react-dom@18.2.0)(react@18.2.0)
      rc-util: 5.38.0(react-dom@18.2.0)(react@18.2.0)
      react: 18.2.0
      react-dom: 18.2.0(react@18.2.0)
    dev: true

  /rc-motion@2.9.0(react-dom@18.2.0)(react@18.2.0):
    resolution: {integrity: sha512-XIU2+xLkdIr1/h6ohPZXyPBMvOmuyFZQ/T0xnawz+Rh+gh4FINcnZmMT5UTIj6hgI0VLDjTaPeRd+smJeSPqiQ==}
    peerDependencies:
      react: '>=16.9.0'
      react-dom: '>=16.9.0'
    dependencies:
      '@babel/runtime': 7.23.2
      classnames: 2.3.2
      rc-util: 5.38.0(react-dom@18.2.0)(react@18.2.0)
      react: 18.2.0
      react-dom: 18.2.0(react@18.2.0)
    dev: true

  /rc-notification@4.6.1(react-dom@18.2.0)(react@18.2.0):
    resolution: {integrity: sha512-NSmFYwrrdY3+un1GvDAJQw62Xi9LNMSsoQyo95tuaYrcad5Bn9gJUL8AREufRxSQAQnr64u3LtP3EUyLYT6bhw==}
    engines: {node: '>=8.x'}
    peerDependencies:
      react: '>=16.9.0'
      react-dom: '>=16.9.0'
    dependencies:
      '@babel/runtime': 7.23.2
      classnames: 2.3.2
      rc-motion: 2.9.0(react-dom@18.2.0)(react@18.2.0)
      rc-util: 5.38.0(react-dom@18.2.0)(react@18.2.0)
      react: 18.2.0
      react-dom: 18.2.0(react@18.2.0)
    dev: true

  /rc-overflow@1.3.2(react-dom@18.2.0)(react@18.2.0):
    resolution: {integrity: sha512-nsUm78jkYAoPygDAcGZeC2VwIg/IBGSodtOY3pMof4W3M9qRJgqaDYm03ZayHlde3I6ipliAxbN0RUcGf5KOzw==}
    peerDependencies:
      react: '>=16.9.0'
      react-dom: '>=16.9.0'
    dependencies:
      '@babel/runtime': 7.23.2
      classnames: 2.3.2
      rc-resize-observer: 1.4.0(react-dom@18.2.0)(react@18.2.0)
      rc-util: 5.38.0(react-dom@18.2.0)(react@18.2.0)
      react: 18.2.0
      react-dom: 18.2.0(react@18.2.0)
    dev: true

  /rc-pagination@3.2.0(react-dom@18.2.0)(react@18.2.0):
    resolution: {integrity: sha512-5tIXjB670WwwcAJzAqp2J+cOBS9W3cH/WU1EiYwXljuZ4vtZXKlY2Idq8FZrnYBz8KhN3vwPo9CoV/SJS6SL1w==}
    peerDependencies:
      react: '>=16.9.0'
      react-dom: '>=16.9.0'
    dependencies:
      '@babel/runtime': 7.23.2
      classnames: 2.3.2
      react: 18.2.0
      react-dom: 18.2.0(react@18.2.0)
    dev: true

  /rc-picker@2.7.6(react-dom@18.2.0)(react@18.2.0):
    resolution: {integrity: sha512-H9if/BUJUZBOhPfWcPeT15JUI3/ntrG9muzERrXDkSoWmDj4yzmBvumozpxYrHwjcKnjyDGAke68d+whWwvhHA==}
    engines: {node: '>=8.x'}
    peerDependencies:
      react: '>=16.9.0'
      react-dom: '>=16.9.0'
    dependencies:
      '@babel/runtime': 7.23.2
      classnames: 2.3.2
      date-fns: 2.30.0
      dayjs: 1.11.10
      moment: 2.29.4
      rc-trigger: 5.3.4(react-dom@18.2.0)(react@18.2.0)
      rc-util: 5.38.0(react-dom@18.2.0)(react@18.2.0)
      react: 18.2.0
      react-dom: 18.2.0(react@18.2.0)
      shallowequal: 1.1.0
    dev: true

  /rc-progress@3.4.2(react-dom@18.2.0)(react@18.2.0):
    resolution: {integrity: sha512-iAGhwWU+tsayP+Jkl9T4+6rHeQTG9kDz8JAHZk4XtQOcYN5fj9H34NXNEdRdZx94VUDHMqCb1yOIvi8eJRh67w==}
    peerDependencies:
      react: '>=16.9.0'
      react-dom: '>=16.9.0'
    dependencies:
      '@babel/runtime': 7.23.2
      classnames: 2.3.2
      rc-util: 5.38.0(react-dom@18.2.0)(react@18.2.0)
      react: 18.2.0
      react-dom: 18.2.0(react@18.2.0)
    dev: true

  /rc-rate@2.9.3(react-dom@18.2.0)(react@18.2.0):
    resolution: {integrity: sha512-2THssUSnRhtqIouQIIXqsZGzRczvp4WsH4WvGuhiwm+LG2fVpDUJliP9O1zeDOZvYfBE/Bup4SgHun/eCkbjgQ==}
    engines: {node: '>=8.x'}
    peerDependencies:
      react: '>=16.9.0'
      react-dom: '>=16.9.0'
    dependencies:
      '@babel/runtime': 7.23.2
      classnames: 2.3.2
      rc-util: 5.38.0(react-dom@18.2.0)(react@18.2.0)
      react: 18.2.0
      react-dom: 18.2.0(react@18.2.0)
    dev: true

  /rc-resize-observer@1.4.0(react-dom@18.2.0)(react@18.2.0):
    resolution: {integrity: sha512-PnMVyRid9JLxFavTjeDXEXo65HCRqbmLBw9xX9gfC4BZiSzbLXKzW3jPz+J0P71pLbD5tBMTT+mkstV5gD0c9Q==}
    peerDependencies:
      react: '>=16.9.0'
      react-dom: '>=16.9.0'
    dependencies:
      '@babel/runtime': 7.23.2
      classnames: 2.3.2
      rc-util: 5.38.0(react-dom@18.2.0)(react@18.2.0)
      react: 18.2.0
      react-dom: 18.2.0(react@18.2.0)
      resize-observer-polyfill: 1.5.1
    dev: true

  /rc-segmented@2.1.2(react-dom@18.2.0)(react@18.2.0):
    resolution: {integrity: sha512-qGo1bCr83ESXpXVOCXjFe1QJlCAQXyi9KCiy8eX3rIMYlTeJr/ftySIaTnYsitL18SvWf5ZEHsfqIWoX0EMfFQ==}
    peerDependencies:
      react: '>=16.0.0'
      react-dom: '>=16.0.0'
    dependencies:
      '@babel/runtime': 7.23.2
      classnames: 2.3.2
      rc-motion: 2.9.0(react-dom@18.2.0)(react@18.2.0)
      rc-util: 5.38.0(react-dom@18.2.0)(react@18.2.0)
      react: 18.2.0
      react-dom: 18.2.0(react@18.2.0)
    dev: true

  /rc-select@14.1.18(react-dom@18.2.0)(react@18.2.0):
    resolution: {integrity: sha512-4JgY3oG2Yz68ECMUSCON7mtxuJvCSj+LJpHEg/AONaaVBxIIrmI/ZTuMJkyojall/X50YdBe5oMKqHHPNiPzEg==}
    engines: {node: '>=8.x'}
    peerDependencies:
      react: '*'
      react-dom: '*'
    dependencies:
      '@babel/runtime': 7.23.2
      classnames: 2.3.2
      rc-motion: 2.9.0(react-dom@18.2.0)(react@18.2.0)
      rc-overflow: 1.3.2(react-dom@18.2.0)(react@18.2.0)
      rc-trigger: 5.3.4(react-dom@18.2.0)(react@18.2.0)
      rc-util: 5.38.0(react-dom@18.2.0)(react@18.2.0)
      rc-virtual-list: 3.11.3(react-dom@18.2.0)(react@18.2.0)
      react: 18.2.0
      react-dom: 18.2.0(react@18.2.0)
    dev: true

  /rc-slider@10.0.1(react-dom@18.2.0)(react@18.2.0):
    resolution: {integrity: sha512-igTKF3zBet7oS/3yNiIlmU8KnZ45npmrmHlUUio8PNbIhzMcsh+oE/r2UD42Y6YD2D/s+kzCQkzQrPD6RY435Q==}
    engines: {node: '>=8.x'}
    peerDependencies:
      react: '>=16.9.0'
      react-dom: '>=16.9.0'
    dependencies:
      '@babel/runtime': 7.23.2
      classnames: 2.3.2
      rc-util: 5.38.0(react-dom@18.2.0)(react@18.2.0)
      react: 18.2.0
      react-dom: 18.2.0(react@18.2.0)
      shallowequal: 1.1.0
    dev: true

  /rc-steps@5.0.0(react-dom@18.2.0)(react@18.2.0):
    resolution: {integrity: sha512-9TgRvnVYirdhbV0C3syJFj9EhCRqoJAsxt4i1rED5o8/ZcSv5TLIYyo4H8MCjLPvbe2R+oBAm/IYBEtC+OS1Rw==}
    engines: {node: '>=8.x'}
    peerDependencies:
      react: '>=16.9.0'
      react-dom: '>=16.9.0'
    dependencies:
      '@babel/runtime': 7.23.2
      classnames: 2.3.2
      rc-util: 5.38.0(react-dom@18.2.0)(react@18.2.0)
      react: 18.2.0
      react-dom: 18.2.0(react@18.2.0)
    dev: true

  /rc-switch@3.2.2(react-dom@18.2.0)(react@18.2.0):
    resolution: {integrity: sha512-+gUJClsZZzvAHGy1vZfnwySxj+MjLlGRyXKXScrtCTcmiYNPzxDFOxdQ/3pK1Kt/0POvwJ/6ALOR8gwdXGhs+A==}
    peerDependencies:
      react: '>=16.9.0'
      react-dom: '>=16.9.0'
    dependencies:
      '@babel/runtime': 7.23.2
      classnames: 2.3.2
      rc-util: 5.38.0(react-dom@18.2.0)(react@18.2.0)
      react: 18.2.0
      react-dom: 18.2.0(react@18.2.0)
    dev: true

  /rc-table@7.26.0(react-dom@18.2.0)(react@18.2.0):
    resolution: {integrity: sha512-0cD8e6S+DTGAt5nBZQIPFYEaIukn17sfa5uFL98faHlH/whZzD8ii3dbFL4wmUDEL4BLybhYop+QUfZJ4CPvNQ==}
    engines: {node: '>=8.x'}
    peerDependencies:
      react: '>=16.9.0'
      react-dom: '>=16.9.0'
    dependencies:
      '@babel/runtime': 7.23.2
      classnames: 2.3.2
      rc-resize-observer: 1.4.0(react-dom@18.2.0)(react@18.2.0)
      rc-util: 5.38.0(react-dom@18.2.0)(react@18.2.0)
      react: 18.2.0
      react-dom: 18.2.0(react@18.2.0)
      shallowequal: 1.1.0
    dev: true

  /rc-tabs@12.5.10(react-dom@18.2.0)(react@18.2.0):
    resolution: {integrity: sha512-Ay0l0jtd4eXepFH9vWBvinBjqOpqzcsJTerBGwJy435P2S90Uu38q8U/mvc1sxUEVOXX5ZCFbxcWPnfG3dH+tQ==}
    engines: {node: '>=8.x'}
    peerDependencies:
      react: '>=16.9.0'
      react-dom: '>=16.9.0'
    dependencies:
      '@babel/runtime': 7.23.2
      classnames: 2.3.2
      rc-dropdown: 4.0.1(react-dom@18.2.0)(react@18.2.0)
      rc-menu: 9.8.4(react-dom@18.2.0)(react@18.2.0)
      rc-motion: 2.9.0(react-dom@18.2.0)(react@18.2.0)
      rc-resize-observer: 1.4.0(react-dom@18.2.0)(react@18.2.0)
      rc-util: 5.38.0(react-dom@18.2.0)(react@18.2.0)
      react: 18.2.0
      react-dom: 18.2.0(react@18.2.0)
    dev: true

  /rc-textarea@0.4.7(react-dom@18.2.0)(react@18.2.0):
    resolution: {integrity: sha512-IQPd1CDI3mnMlkFyzt2O4gQ2lxUsnBAeJEoZGJnkkXgORNqyM9qovdrCj9NzcRfpHgLdzaEbU3AmobNFGUznwQ==}
    peerDependencies:
      react: '>=16.9.0'
      react-dom: '>=16.9.0'
    dependencies:
      '@babel/runtime': 7.23.2
      classnames: 2.3.2
      rc-resize-observer: 1.4.0(react-dom@18.2.0)(react@18.2.0)
      rc-util: 5.38.0(react-dom@18.2.0)(react@18.2.0)
      react: 18.2.0
      react-dom: 18.2.0(react@18.2.0)
      shallowequal: 1.1.0
    dev: true

  /rc-tooltip@5.2.2(react-dom@18.2.0)(react@18.2.0):
    resolution: {integrity: sha512-jtQzU/18S6EI3lhSGoDYhPqNpWajMtS5VV/ld1LwyfrDByQpYmw/LW6U7oFXXLukjfDHQ7Ju705A82PRNFWYhg==}
    peerDependencies:
      react: '>=16.9.0'
      react-dom: '>=16.9.0'
    dependencies:
      '@babel/runtime': 7.23.2
      classnames: 2.3.2
      rc-trigger: 5.3.4(react-dom@18.2.0)(react@18.2.0)
      react: 18.2.0
      react-dom: 18.2.0(react@18.2.0)
    dev: true

  /rc-tree-select@5.5.5(react-dom@18.2.0)(react@18.2.0):
    resolution: {integrity: sha512-k2av7jF6tW9bIO4mQhaVdV4kJ1c54oxV3/hHVU+oD251Gb5JN+m1RbJFTMf1o0rAFqkvto33rxMdpafaGKQRJw==}
    peerDependencies:
      react: '*'
      react-dom: '*'
    dependencies:
      '@babel/runtime': 7.23.2
      classnames: 2.3.2
      rc-select: 14.1.18(react-dom@18.2.0)(react@18.2.0)
      rc-tree: 5.7.12(react-dom@18.2.0)(react@18.2.0)
      rc-util: 5.38.0(react-dom@18.2.0)(react@18.2.0)
      react: 18.2.0
      react-dom: 18.2.0(react@18.2.0)
    dev: true

  /rc-tree@5.7.12(react-dom@18.2.0)(react@18.2.0):
    resolution: {integrity: sha512-LXA5nY2hG5koIAlHW5sgXgLpOMz+bFRbnZZ+cCg0tQs4Wv1AmY7EDi1SK7iFXhslYockbqUerQan82jljoaItg==}
    engines: {node: '>=10.x'}
    peerDependencies:
      react: '*'
      react-dom: '*'
    dependencies:
      '@babel/runtime': 7.23.2
      classnames: 2.3.2
      rc-motion: 2.9.0(react-dom@18.2.0)(react@18.2.0)
      rc-util: 5.38.0(react-dom@18.2.0)(react@18.2.0)
      rc-virtual-list: 3.11.3(react-dom@18.2.0)(react@18.2.0)
      react: 18.2.0
      react-dom: 18.2.0(react@18.2.0)
    dev: true

  /rc-trigger@5.3.4(react-dom@18.2.0)(react@18.2.0):
    resolution: {integrity: sha512-mQv+vas0TwKcjAO2izNPkqR4j86OemLRmvL2nOzdP9OWNWA1ivoTt5hzFqYNW9zACwmTezRiN8bttrC7cZzYSw==}
    engines: {node: '>=8.x'}
    peerDependencies:
      react: '>=16.9.0'
      react-dom: '>=16.9.0'
    dependencies:
      '@babel/runtime': 7.23.2
      classnames: 2.3.2
      rc-align: 4.0.15(react-dom@18.2.0)(react@18.2.0)
      rc-motion: 2.9.0(react-dom@18.2.0)(react@18.2.0)
      rc-util: 5.38.0(react-dom@18.2.0)(react@18.2.0)
      react: 18.2.0
      react-dom: 18.2.0(react@18.2.0)
    dev: true

  /rc-upload@4.3.5(react-dom@18.2.0)(react@18.2.0):
    resolution: {integrity: sha512-EHlKJbhkgFSQHliTj9v/2K5aEuFwfUQgZARzD7AmAPOneZEPiCNF3n6PEWIuqz9h7oq6FuXgdR67sC5BWFxJbA==}
    peerDependencies:
      react: '>=16.9.0'
      react-dom: '>=16.9.0'
    dependencies:
      '@babel/runtime': 7.23.2
      classnames: 2.3.2
      rc-util: 5.38.0(react-dom@18.2.0)(react@18.2.0)
      react: 18.2.0
      react-dom: 18.2.0(react@18.2.0)
    dev: true

  /rc-util@5.38.0(react-dom@18.2.0)(react@18.2.0):
    resolution: {integrity: sha512-yV/YBNdFn+edyBpBdCqkPE29Su0jWcHNgwx2dJbRqMrMfrUcMJUjCRV+ZPhcvWyKFJ63GzEerPrz9JIVo0zXmA==}
    peerDependencies:
      react: '>=16.9.0'
      react-dom: '>=16.9.0'
    dependencies:
      '@babel/runtime': 7.23.2
      react: 18.2.0
      react-dom: 18.2.0(react@18.2.0)
      react-is: 18.2.0
    dev: true

  /rc-virtual-list@3.11.3(react-dom@18.2.0)(react@18.2.0):
    resolution: {integrity: sha512-tu5UtrMk/AXonHwHxUogdXAWynaXsrx1i6dsgg+lOo/KJSF8oBAcprh1z5J3xgnPJD5hXxTL58F8s8onokdt0Q==}
    engines: {node: '>=8.x'}
    peerDependencies:
      react: '*'
      react-dom: '*'
    dependencies:
      '@babel/runtime': 7.23.2
      classnames: 2.3.2
      rc-resize-observer: 1.4.0(react-dom@18.2.0)(react@18.2.0)
      rc-util: 5.38.0(react-dom@18.2.0)(react@18.2.0)
      react: 18.2.0
      react-dom: 18.2.0(react@18.2.0)
    dev: true

  /react-dom@18.2.0(react@18.2.0):
    resolution: {integrity: sha512-6IMTriUmvsjHUjNtEDudZfuDQUoWXVxKHhlEGSk81n4YFS+r/Kl99wXiwlVXtPBtJenozv2P+hxDsw9eA7Xo6g==}
    peerDependencies:
      react: ^18.2.0
    dependencies:
      loose-envify: 1.4.0
      react: 18.2.0
      scheduler: 0.23.0

  /react-is@18.2.0:
    resolution: {integrity: sha512-xWGDIW6x921xtzPkhiULtthJHoJvBbF3q26fzloPCK0hsvxtPVelvftw3zjbHWSkR2km9Z+4uxbDDK/6Zw9B8w==}
    dev: true

  /react@18.2.0:
    resolution: {integrity: sha512-/3IjMdb2L9QbBdWiW5e3P2/npwMBaU9mHCSCUzNln0ZCYbcfTsGbTJrU/kGemdH2IWmB2ioZ+zkxtmq6g09fGQ==}
    engines: {node: '>=0.10.0'}
    dependencies:
      loose-envify: 1.4.0

  /regenerator-runtime@0.14.0:
    resolution: {integrity: sha512-srw17NI0TUWHuGa5CFGGmhfNIeja30WMBfbslPNhf6JrqQlLN5gcrvig1oqPxiVaXb0oW0XRKtH6Nngs5lKCIA==}
    dev: true

  /resize-observer-polyfill@1.5.1:
    resolution: {integrity: sha512-LwZrotdHOo12nQuZlHEmtuXdqGoOD0OhaxopaNFxWzInpEgaLWoVuAMbTzixuosCx2nEG58ngzW3vxdWoxIgdg==}
    dev: true

  /rimraf@3.0.2:
    resolution: {integrity: sha512-JZkJMZkAGFFPP2YqXZXPbMlMBgsxzE8ILs4lMIX/2o0L9UBw9O/Y3o6wFw/i9YLapcUJWwqbi3kdxIPdC62TIA==}
    hasBin: true
    dependencies:
      glob: 7.2.3
    dev: true

  /rollup-plugin-tsconfig-paths@1.5.2(rollup@2.79.1)(typescript@4.9.5):
    resolution: {integrity: sha512-tyS7u2Md0eXKwbDfTuDDa1izciwqhOZsHzX7zYc5gKC1L7q5ozdSt+q1jjtD1dDqWyjrt8lZoiLtOQGhMHh1OQ==}
    peerDependencies:
      rollup: ^2 || ^3 || ^4
    dependencies:
      rollup: 2.79.1
      typescript-paths: 1.5.1(typescript@4.9.5)
    transitivePeerDependencies:
      - typescript
    dev: true

  /rollup-plugin-typescript2@0.34.1(rollup@2.79.1)(typescript@4.9.5):
    resolution: {integrity: sha512-P4cHLtGikESmqi1CA+tdMDUv8WbQV48mzPYt77TSTOPJpERyZ9TXdDgjSDix8Fkqce6soYz3+fa4lrC93IEkcw==}
    peerDependencies:
      rollup: '>=1.26.3'
      typescript: '>=2.4.0'
    dependencies:
      '@rollup/pluginutils': 4.2.1
      find-cache-dir: 3.3.2
      fs-extra: 10.1.0
      rollup: 2.79.1
      semver: 7.5.4
      tslib: 2.6.2
      typescript: 4.9.5
    dev: true

  /rollup@2.79.1:
    resolution: {integrity: sha512-uKxbd0IhMZOhjAiD5oAFp7BqvkA4Dv47qpOCtaNvng4HBwdbWtdOh8f5nZNuk2rp51PMGk3bzfWu5oayNEuYnw==}
    engines: {node: '>=10.0.0'}
    hasBin: true
    optionalDependencies:
      fsevents: 2.3.3
    dev: true

  /scheduler@0.23.0:
    resolution: {integrity: sha512-CtuThmgHNg7zIZWAXi3AsyIzA3n4xx7aNyjwC2VJldO2LMVDhFK+63xGqq6CsJH4rTAt6/M+N4GhZiDYPx9eUw==}
    dependencies:
      loose-envify: 1.4.0

  /scroll-into-view-if-needed@2.2.31:
    resolution: {integrity: sha512-dGCXy99wZQivjmjIqihaBQNjryrz5rueJY7eHfTdyWEiR4ttYpsajb14rn9s5d4DY4EcY6+4+U/maARBXJedkA==}
    dependencies:
      compute-scroll-into-view: 1.0.20
    dev: true

  /semver@6.3.1:
    resolution: {integrity: sha512-BR7VvDCVHO+q2xBEWskxS6DJE1qRnb7DxzUrogb71CWoSficBxYsiAGd+Kl0mmq/MprG9yArRkyrQxTO6XjMzA==}
    hasBin: true
    dev: true

  /semver@7.5.4:
    resolution: {integrity: sha512-1bCSESV6Pv+i21Hvpxp3Dx+pSD8lIPt8uVjRrxAUt/nbswYc+tK6Y2btiULjd4+fnq15PX+nqQDC7Oft7WkwcA==}
    engines: {node: '>=10'}
    hasBin: true
    dependencies:
      lru-cache: 6.0.0
    dev: true

  /set-function-length@1.1.1:
    resolution: {integrity: sha512-VoaqjbBJKiWtg4yRcKBQ7g7wnGnLV3M8oLvVWwOk2PdYY6PEFegR1vezXR0tw6fZGF9csVakIRjrJiy2veSBFQ==}
    engines: {node: '>= 0.4'}
    dependencies:
      define-data-property: 1.1.1
      get-intrinsic: 1.2.2
      gopd: 1.0.1
      has-property-descriptors: 1.0.1
    dev: false

  /shallowequal@1.1.0:
    resolution: {integrity: sha512-y0m1JoUZSlPAjXVtPPW70aZWfIL/dSP7AFkRnniLCrK/8MDKog3TySTBmckD+RObVxH0v4Tox67+F14PdED2oQ==}
    dev: true

  /side-channel@1.0.4:
    resolution: {integrity: sha512-q5XPytqFEIKHkGdiMIrY10mvLRvnQh42/+GoBlFW3b2LXLE2xxJpZFdm94we0BaoV3RwJyGqg5wS7epxTv0Zvw==}
    dependencies:
      call-bind: 1.0.5
      get-intrinsic: 1.2.2
      object-inspect: 1.13.1
    dev: false

  /string-convert@0.2.1:
    resolution: {integrity: sha512-u/1tdPl4yQnPBjnVrmdLo9gtuLvELKsAoRapekWggdiQNvvvum+jYF329d84NAa660KQw7pB2n36KrIKVoXa3A==}
    dev: true

  /throttle-debounce@5.0.0:
    resolution: {integrity: sha512-2iQTSgkkc1Zyk0MeVrt/3BvuOXYPl/R8Z0U2xxo9rjwNciaHDG3R+Lm6dh4EeUci49DanvBnuqI6jshoQQRGEg==}
    engines: {node: '>=12.22'}
    dev: true

  /toggle-selection@1.0.6:
    resolution: {integrity: sha512-BiZS+C1OS8g/q2RRbJmy59xpyghNBqrr6k5L/uKBGRsTfxmu3ffiRnd8mlGPUVayg8pvfi5urfnu8TU7DVOkLQ==}
    dev: true

  /tslib@2.6.2:
    resolution: {integrity: sha512-AEYxH93jGFPn/a2iVAwW87VuUIkR1FVUKB77NwMF7nBTDkDrrT/Hpt/IrCJ0QXhW27jTBDcf5ZY7w6RiqTMw2Q==}
    dev: true

  /typescript-paths@1.5.1(typescript@4.9.5):
    resolution: {integrity: sha512-lYErSLCON2MSplVV5V/LBgD4UNjMgY3guATdFCZY2q1Nr6OZEu4q6zX/rYMsG1TaWqqQSszg6C9EU7AGWMDrIw==}
    peerDependencies:
      typescript: ^4.7.2 || ^5
    dependencies:
      typescript: 4.9.5
    dev: true

  /typescript@4.9.5:
    resolution: {integrity: sha512-1FXk9E2Hm+QzZQ7z+McJiHL4NW1F2EzMu9Nq9i3zAaGqibafqYwCVU6WyWAuyQRRzOlxou8xZSyXLEN8oKj24g==}
    engines: {node: '>=4.2.0'}
    hasBin: true
    dev: true

  /universalify@2.0.1:
    resolution: {integrity: sha512-gptHNQghINnc/vTGIk0SOFGFNXw7JVrlRUtConJRlvaw6DuX0wO5Jeko9sWrMBhh+PsYAZ7oXAiOnf/UKogyiw==}
    engines: {node: '>= 10.0.0'}
    dev: true

  /wrappy@1.0.2:
    resolution: {integrity: sha512-l4Sp/DRseor9wL6EvV2+TuQn63dMkPjZ/sp9XkghTEbV9KlPS1xUsZ3u7/IQO4wxtcFB4bgpQPRcR3QCvezPcQ==}
    dev: true

  /yallist@4.0.0:
    resolution: {integrity: sha512-3wdGidZyq5PB084XLES5TpOSRA3wjXAlIWMhum2kRcv/41Sn2emQ0dycQW4uZXLejwKvg6EsvbdlVL+FYEct7A==}
    dev: true
